// !$*UTF8*$!
{
	archiveVersion = 1;
	classes = {
	};
	objectVersion = 46;
	objects = {

/* Begin PBXFileReference section */
		0555FB3717D508E900C0B437 /* _Block_object_assign.c */ = {isa = PBXFileReference; lastKnownFileType = sourcecode.c.c; name = _Block_object_assign.c; path = ../source/lib/blocks/_Block_object_assign.c; sourceTree = "<group>"; };
		0555FB3817D508E900C0B437 /* _Block_object_dispose.c */ = {isa = PBXFileReference; lastKnownFileType = sourcecode.c.c; name = _Block_object_dispose.c; path = ../source/lib/blocks/_Block_object_dispose.c; sourceTree = "<group>"; };
		0555FB3A17D508E900C0B437 /* blocks.h */ = {isa = PBXFileReference; lastKnownFileType = sourcecode.c.h; path = blocks.h; sourceTree = "<group>"; };
		0555FB3B17D508E900C0B437 /* Makefile */ = {isa = PBXFileReference; lastKnownFileType = sourcecode.make; name = Makefile; path = ../source/lib/blocks/Makefile; sourceTree = "<group>"; };
/* End PBXFileReference section */

/* Begin PBXGroup section */
		0555FB3917D508E900C0B437 /* include */ = {
			isa = PBXGroup;
			children = (
				0555FB3A17D508E900C0B437 /* blocks.h */,
			);
			name = include;
			path = ../source/lib/blocks/include;
			sourceTree = "<group>";
		};
		0595BA7A17AC11A70021435A = {
			isa = PBXGroup;
			children = (
				0555FB3717D508E900C0B437 /* _Block_object_assign.c */,
				0555FB3817D508E900C0B437 /* _Block_object_dispose.c */,
				0555FB3917D508E900C0B437 /* include */,
				0555FB3B17D508E900C0B437 /* Makefile */,
			);
			sourceTree = "<group>";
		};
/* End PBXGroup section */

/* Begin PBXLegacyTarget section */
		0595BA7F17AC11A70021435A /* LIB-BLOCKS */ = {
			isa = PBXLegacyTarget;
			buildArgumentsString = "$(ACTION)";
			buildConfigurationList = 0595BA8217AC11A70021435A /* Build configuration list for PBXLegacyTarget "LIB-BLOCKS" */;
			buildPhases = (
			);
			buildToolPath = /usr/bin/make;
			buildWorkingDirectory = ../source/lib/blocks;
			dependencies = (
			);
			name = "LIB-BLOCKS";
			passBuildSettingsInEnvironment = 1;
			productName = "LIB-PTHREAD";
		};
/* End PBXLegacyTarget section */

/* Begin PBXProject section */
		0595BA7B17AC11A70021435A /* Project object */ = {
			isa = PBXProject;
			attributes = {
				LastUpgradeCheck = 0500;
				ORGANIZATIONNAME = "XS-Labs";
			};
			buildConfigurationList = 0595BA7E17AC11A70021435A /* Build configuration list for PBXProject "LIB-BLOCKS" */;
			compatibilityVersion = "Xcode 3.2";
			developmentRegion = English;
			hasScannedForEncodings = 0;
			knownRegions = (
				en,
			);
			mainGroup = 0595BA7A17AC11A70021435A;
			projectDirPath = "";
			projectRoot = "";
			targets = (
				0595BA7F17AC11A70021435A /* LIB-BLOCKS */,
			);
		};
/* End PBXProject section */

/* Begin XCBuildConfiguration section */
		0595BA8117AC11A70021435A /* Release */ = {
			isa = XCBuildConfiguration;
			buildSettings = {
			};
			name = Release;
		};
		0595BA8417AC11A70021435A /* Release */ = {
			isa = XCBuildConfiguration;
			buildSettings = {
			};
			name = Release;
		};
/* End XCBuildConfiguration section */

/* Begin XCConfigurationList section */
		0595BA7E17AC11A70021435A /* Build configuration list for PBXProject "LIB-BLOCKS" */ = {
			isa = XCConfigurationList;
			buildConfigurations = (
				0595BA8117AC11A70021435A /* Release */,
			);
			defaultConfigurationIsVisible = 0;
			defaultConfigurationName = Release;
		};
		0595BA8217AC11A70021435A /* Build configuration list for PBXLegacyTarget "LIB-BLOCKS" */ = {
			isa = XCConfigurationList;
			buildConfigurations = (
				0595BA8417AC11A70021435A /* Release */,
			);
			defaultConfigurationIsVisible = 0;
			defaultConfigurationName = Release;
		};
/* End XCConfigurationList section */
	};
	rootObject = 0595BA7B17AC11A70021435A /* Project object */;
}
