// !$*UTF8*$!
{
	archiveVersion = 1;
	classes = {
	};
	objectVersion = 46;
	objects = {

/* Begin PBXFileReference section */
		05111DB516249A0500966E40 /* Makefile */ = {isa = PBXFileReference; fileEncoding = 4; lastKnownFileType = sourcecode.make; path = Makefile; sourceTree = "<group>"; };
		055B2E0016236232001FE307 /* kernel_video_str_reverse.c */ = {isa = PBXFileReference; fileEncoding = 4; lastKnownFileType = sourcecode.c.c; path = kernel_video_str_reverse.c; sourceTree = "<group>"; };
		0569C8691629645E00A8FF1D /* xeos.constants.inc.s */ = {isa = PBXFileReference; fileEncoding = 4; lastKnownFileType = sourcecode.asm; path = xeos.constants.inc.s; sourceTree = "<group>"; };
		0569C86C162AF3FE00A8FF1D /* xeos.elf.inc.16.s */ = {isa = PBXFileReference; fileEncoding = 4; lastKnownFileType = sourcecode.asm; path = xeos.elf.inc.16.s; sourceTree = "<group>"; };
		0569C86D162B0A6800A8FF1D /* xeos.cpu.inc.16.s */ = {isa = PBXFileReference; fileEncoding = 4; lastKnownFileType = sourcecode.asm; path = xeos.cpu.inc.16.s; sourceTree = "<group>"; };
		056A291F1628AA80003FBE80 /* Makefile */ = {isa = PBXFileReference; fileEncoding = 4; lastKnownFileType = sourcecode.make; path = Makefile; sourceTree = "<group>"; };
		056A29231628ACF4003FBE80 /* Makefile */ = {isa = PBXFileReference; fileEncoding = 4; lastKnownFileType = sourcecode.make; path = Makefile; sourceTree = "<group>"; };
		056A29241628AD3D003FBE80 /* pthread.h */ = {isa = PBXFileReference; fileEncoding = 4; lastKnownFileType = sourcecode.c.h; path = pthread.h; sourceTree = "<group>"; };
		05A8F9531625690B000484EB /* Makefile */ = {isa = PBXFileReference; fileEncoding = 4; lastKnownFileType = sourcecode.make; path = Makefile; sourceTree = "<group>"; };
		05AFEDD81620F27C00740041 /* Makefile */ = {isa = PBXFileReference; fileEncoding = 4; lastKnownFileType = sourcecode.make; name = Makefile; path = ../Makefile; sourceTree = "<group>"; };
		05AFEDD91620F27C00740041 /* README.md */ = {isa = PBXFileReference; fileEncoding = 4; lastKnownFileType = text; name = README.md; path = ../README.md; sourceTree = "<group>"; };
		05AFEDF41620F27C00740041 /* Makefile */ = {isa = PBXFileReference; fileEncoding = 4; lastKnownFileType = sourcecode.make; path = Makefile; sourceTree = "<group>"; };
		05AFEDF71620F27C00740041 /* Makefile */ = {isa = PBXFileReference; fileEncoding = 4; lastKnownFileType = sourcecode.make; path = Makefile; sourceTree = "<group>"; };
		05AFEDFA1620F27C00740041 /* mbr.s */ = {isa = PBXFileReference; fileEncoding = 4; lastKnownFileType = sourcecode.asm; path = mbr.s; sourceTree = "<group>"; };
		05AFEDFB1620F27C00740041 /* boot.s */ = {isa = PBXFileReference; fileEncoding = 4; lastKnownFileType = sourcecode.asm; path = boot.s; sourceTree = "<group>"; };
		05AFEDFD1620F27C00740041 /* bios.int.inc.s */ = {isa = PBXFileReference; fileEncoding = 4; lastKnownFileType = sourcecode.asm; path = bios.int.inc.s; sourceTree = "<group>"; };
		05AFEDFF1620F27C00740041 /* bios.video.inc.16.s */ = {isa = PBXFileReference; fileEncoding = 4; lastKnownFileType = sourcecode.asm; path = bios.video.inc.16.s; sourceTree = "<group>"; };
		05AFEE001620F27C00740041 /* xeos.a20.inc.16.s */ = {isa = PBXFileReference; fileEncoding = 4; lastKnownFileType = sourcecode.asm; path = xeos.a20.inc.16.s; sourceTree = "<group>"; };
		05AFEE011620F27C00740041 /* xeos.ascii.inc.s */ = {isa = PBXFileReference; fileEncoding = 4; lastKnownFileType = sourcecode.asm; path = xeos.ascii.inc.s; sourceTree = "<group>"; };
		05AFEE031620F27C00740041 /* xeos.crt.controller.inc.s */ = {isa = PBXFileReference; fileEncoding = 4; lastKnownFileType = sourcecode.asm; path = xeos.crt.controller.inc.s; sourceTree = "<group>"; };
		05AFEE071620F27C00740041 /* xeos.gdt.inc.s */ = {isa = PBXFileReference; fileEncoding = 4; lastKnownFileType = sourcecode.asm; path = xeos.gdt.inc.s; sourceTree = "<group>"; };
		05AFEE081620F27C00740041 /* xeos.io.fat12.inc.16.s */ = {isa = PBXFileReference; fileEncoding = 4; lastKnownFileType = sourcecode.asm; path = xeos.io.fat12.inc.16.s; sourceTree = "<group>"; };
		05AFEE091620F27C00740041 /* xeos.macros.inc.s */ = {isa = PBXFileReference; fileEncoding = 4; lastKnownFileType = sourcecode.asm; path = xeos.macros.inc.s; sourceTree = "<group>"; };
		05AFEE0A1620F27C00740041 /* xeos.io.fat12.mbr.inc.16.s */ = {isa = PBXFileReference; fileEncoding = 4; lastKnownFileType = sourcecode.asm; path = xeos.io.fat12.mbr.inc.16.s; sourceTree = "<group>"; };
		05AFEE0E1620F27C00740041 /* Makefile */ = {isa = PBXFileReference; fileEncoding = 4; lastKnownFileType = sourcecode.make; path = Makefile; sourceTree = "<group>"; };
		05AFEE111620F27C00740041 /* __hal_gdt.c */ = {isa = PBXFileReference; fileEncoding = 4; lastKnownFileType = sourcecode.c.c; path = __hal_gdt.c; sourceTree = "<group>"; };
		05AFEE121620F27C00740041 /* __hal_idt.c */ = {isa = PBXFileReference; fileEncoding = 4; lastKnownFileType = sourcecode.c.c; path = __hal_idt.c; sourceTree = "<group>"; };
		05AFEE131620F27C00740041 /* __hal_smbios.c */ = {isa = PBXFileReference; fileEncoding = 4; lastKnownFileType = sourcecode.c.c; path = __hal_smbios.c; sourceTree = "<group>"; };
		05AFEE151620F27C00740041 /* hal_cpu_cli.c */ = {isa = PBXFileReference; fileEncoding = 4; lastKnownFileType = sourcecode.c.c; path = hal_cpu_cli.c; sourceTree = "<group>"; };
		05AFEE161620F27C00740041 /* hal_cpu_sti.c */ = {isa = PBXFileReference; fileEncoding = 4; lastKnownFileType = sourcecode.c.c; path = hal_cpu_sti.c; sourceTree = "<group>"; };
		05AFEE181620F27C00740041 /* hal_idt_get_descriptor.c */ = {isa = PBXFileReference; fileEncoding = 4; lastKnownFileType = sourcecode.c.c; path = hal_idt_get_descriptor.c; sourceTree = "<group>"; };
		05AFEE191620F27C00740041 /* hal_idt_init.c */ = {isa = PBXFileReference; fileEncoding = 4; lastKnownFileType = sourcecode.c.c; path = hal_idt_init.c; sourceTree = "<group>"; };
		05AFEE1A1620F27C00740041 /* hal_idt_set_descriptor.c */ = {isa = PBXFileReference; fileEncoding = 4; lastKnownFileType = sourcecode.c.c; path = hal_idt_set_descriptor.c; sourceTree = "<group>"; };
		05AFEE1C1620F27C00740041 /* cpu.h */ = {isa = PBXFileReference; fileEncoding = 4; lastKnownFileType = sourcecode.c.h; path = cpu.h; sourceTree = "<group>"; };
		05AFEE1D1620F27C00740041 /* crtc.h */ = {isa = PBXFileReference; fileEncoding = 4; lastKnownFileType = sourcecode.c.h; path = crtc.h; sourceTree = "<group>"; };
		05AFEE1E1620F27C00740041 /* gdt.h */ = {isa = PBXFileReference; fileEncoding = 4; lastKnownFileType = sourcecode.c.h; path = gdt.h; sourceTree = "<group>"; };
		05AFEE1F1620F27C00740041 /* hal.h */ = {isa = PBXFileReference; fileEncoding = 4; lastKnownFileType = sourcecode.c.h; path = hal.h; sourceTree = "<group>"; };
		05AFEE201620F27C00740041 /* idt.h */ = {isa = PBXFileReference; fileEncoding = 4; lastKnownFileType = sourcecode.c.h; path = idt.h; sourceTree = "<group>"; };
		05AFEE211620F27C00740041 /* interrupts.h */ = {isa = PBXFileReference; fileEncoding = 4; lastKnownFileType = sourcecode.c.h; path = interrupts.h; sourceTree = "<group>"; };
		05AFEE221620F27C00740041 /* io.h */ = {isa = PBXFileReference; fileEncoding = 4; lastKnownFileType = sourcecode.c.h; path = io.h; sourceTree = "<group>"; };
		05AFEE231620F27C00740041 /* pic.h */ = {isa = PBXFileReference; fileEncoding = 4; lastKnownFileType = sourcecode.c.h; path = pic.h; sourceTree = "<group>"; };
		05AFEE241620F27C00740041 /* pit.h */ = {isa = PBXFileReference; fileEncoding = 4; lastKnownFileType = sourcecode.c.h; path = pit.h; sourceTree = "<group>"; };
		05AFEE251620F27C00740041 /* smbios.h */ = {isa = PBXFileReference; fileEncoding = 4; lastKnownFileType = sourcecode.c.h; path = smbios.h; sourceTree = "<group>"; };
		05AFEE271620F27C00740041 /* hal_io_port_in.c */ = {isa = PBXFileReference; fileEncoding = 4; lastKnownFileType = sourcecode.c.c; path = hal_io_port_in.c; sourceTree = "<group>"; };
		05AFEE281620F27C00740041 /* hal_io_port_out.c */ = {isa = PBXFileReference; fileEncoding = 4; lastKnownFileType = sourcecode.c.c; path = hal_io_port_out.c; sourceTree = "<group>"; };
		05AFEE291620F27C00740041 /* Makefile */ = {isa = PBXFileReference; fileEncoding = 4; lastKnownFileType = sourcecode.make; path = Makefile; sourceTree = "<group>"; };
		05AFEE2B1620F27C00740041 /* hal_smbios_find_entry.c */ = {isa = PBXFileReference; fileEncoding = 4; lastKnownFileType = sourcecode.c.c; path = hal_smbios_find_entry.c; sourceTree = "<group>"; };
		05AFEE2C1620F27C00740041 /* hal_smbios_get_infos.c */ = {isa = PBXFileReference; fileEncoding = 4; lastKnownFileType = sourcecode.c.c; path = hal_smbios_get_infos.c; sourceTree = "<group>"; };
		05AFEE2D1620F27C00740041 /* hal_smbios_processor_family_string.c */ = {isa = PBXFileReference; fileEncoding = 4; lastKnownFileType = sourcecode.c.c; path = hal_smbios_processor_family_string.c; sourceTree = "<group>"; };
		05AFEE2E1620F27C00740041 /* hal_smbios_processor_type_string.c */ = {isa = PBXFileReference; fileEncoding = 4; lastKnownFileType = sourcecode.c.c; path = hal_smbios_processor_type_string.c; sourceTree = "<group>"; };
		05AFEE2F1620F27C00740041 /* hal_smbios_uuid_string.c */ = {isa = PBXFileReference; fileEncoding = 4; lastKnownFileType = sourcecode.c.c; path = hal_smbios_uuid_string.c; sourceTree = "<group>"; };
		05AFEE301620F27C00740041 /* hal_smbios_verifiy_checksum.c */ = {isa = PBXFileReference; fileEncoding = 4; lastKnownFileType = sourcecode.c.c; path = hal_smbios_verifiy_checksum.c; sourceTree = "<group>"; };
		05AFEE311620F27C00740041 /* hal_smbios_verifiy_intermediate_checksum.c */ = {isa = PBXFileReference; fileEncoding = 4; lastKnownFileType = sourcecode.c.c; path = hal_smbios_verifiy_intermediate_checksum.c; sourceTree = "<group>"; };
		05AFEE5B1620F27C00740041 /* __video.c */ = {isa = PBXFileReference; fileEncoding = 4; lastKnownFileType = sourcecode.c.c; path = __video.c; sourceTree = "<group>"; };
		05AFEE5E1620F27C00740041 /* interrupts.h */ = {isa = PBXFileReference; fileEncoding = 4; lastKnownFileType = sourcecode.c.h; path = interrupts.h; sourceTree = "<group>"; };
		05AFEE5F1620F27C00740041 /* video.h */ = {isa = PBXFileReference; fileEncoding = 4; lastKnownFileType = sourcecode.c.h; path = video.h; sourceTree = "<group>"; };
		05AFEE601620F27C00740041 /* syscalls.h */ = {isa = PBXFileReference; fileEncoding = 4; lastKnownFileType = sourcecode.c.h; path = syscalls.h; sourceTree = "<group>"; };
		05AFEE611620F27C00740041 /* system.h */ = {isa = PBXFileReference; fileEncoding = 4; lastKnownFileType = sourcecode.c.h; path = system.h; sourceTree = "<group>"; };
		05AFEE631620F27C00740041 /* kernel_interrupt_alignment_check_exception.c */ = {isa = PBXFileReference; fileEncoding = 4; lastKnownFileType = sourcecode.c.c; path = kernel_interrupt_alignment_check_exception.c; sourceTree = "<group>"; };
		05AFEE641620F27C00740041 /* kernel_interrupt_bound_range_exceeded_exception.c */ = {isa = PBXFileReference; fileEncoding = 4; lastKnownFileType = sourcecode.c.c; path = kernel_interrupt_bound_range_exceeded_exception.c; sourceTree = "<group>"; };
		05AFEE651620F27C00740041 /* kernel_interrupt_breakpoint_exception.c */ = {isa = PBXFileReference; fileEncoding = 4; lastKnownFileType = sourcecode.c.c; path = kernel_interrupt_breakpoint_exception.c; sourceTree = "<group>"; };
		05AFEE661620F27C00740041 /* kernel_interrupt_coprocessor_segment_overrun.c */ = {isa = PBXFileReference; fileEncoding = 4; lastKnownFileType = sourcecode.c.c; path = kernel_interrupt_coprocessor_segment_overrun.c; sourceTree = "<group>"; };
		05AFEE671620F27C00740041 /* kernel_interrupt_debug_exception.c */ = {isa = PBXFileReference; fileEncoding = 4; lastKnownFileType = sourcecode.c.c; path = kernel_interrupt_debug_exception.c; sourceTree = "<group>"; };
		05AFEE681620F27C00740041 /* kernel_interrupt_default_handler.c */ = {isa = PBXFileReference; fileEncoding = 4; lastKnownFileType = sourcecode.c.c; path = kernel_interrupt_default_handler.c; sourceTree = "<group>"; };
		05AFEE691620F27C00740041 /* kernel_interrupt_device_not_available_exception.c */ = {isa = PBXFileReference; fileEncoding = 4; lastKnownFileType = sourcecode.c.c; path = kernel_interrupt_device_not_available_exception.c; sourceTree = "<group>"; };
		05AFEE6A1620F27C00740041 /* kernel_interrupt_divide_error.c */ = {isa = PBXFileReference; fileEncoding = 4; lastKnownFileType = sourcecode.c.c; path = kernel_interrupt_divide_error.c; sourceTree = "<group>"; };
		05AFEE6B1620F27C00740041 /* kernel_interrupt_double_fault_exception.c */ = {isa = PBXFileReference; fileEncoding = 4; lastKnownFileType = sourcecode.c.c; path = kernel_interrupt_double_fault_exception.c; sourceTree = "<group>"; };
		05AFEE6C1620F27C00740041 /* kernel_interrupt_floating_point_error_exception.c */ = {isa = PBXFileReference; fileEncoding = 4; lastKnownFileType = sourcecode.c.c; path = kernel_interrupt_floating_point_error_exception.c; sourceTree = "<group>"; };
		05AFEE6D1620F27C00740041 /* kernel_interrupt_general_protection_exception.c */ = {isa = PBXFileReference; fileEncoding = 4; lastKnownFileType = sourcecode.c.c; path = kernel_interrupt_general_protection_exception.c; sourceTree = "<group>"; };
		05AFEE6E1620F27C00740041 /* kernel_interrupt_invalid_opcode_exception.c */ = {isa = PBXFileReference; fileEncoding = 4; lastKnownFileType = sourcecode.c.c; path = kernel_interrupt_invalid_opcode_exception.c; sourceTree = "<group>"; };
		05AFEE6F1620F27C00740041 /* kernel_interrupt_invalid_tss_exception.c */ = {isa = PBXFileReference; fileEncoding = 4; lastKnownFileType = sourcecode.c.c; path = kernel_interrupt_invalid_tss_exception.c; sourceTree = "<group>"; };
		05AFEE701620F27C00740041 /* kernel_interrupt_machine_check_exception.c */ = {isa = PBXFileReference; fileEncoding = 4; lastKnownFileType = sourcecode.c.c; path = kernel_interrupt_machine_check_exception.c; sourceTree = "<group>"; };
		05AFEE711620F27C00740041 /* kernel_interrupt_nmi_interrupt.c */ = {isa = PBXFileReference; fileEncoding = 4; lastKnownFileType = sourcecode.c.c; path = kernel_interrupt_nmi_interrupt.c; sourceTree = "<group>"; };
		05AFEE721620F27C00740041 /* kernel_interrupt_overflow_exception.c */ = {isa = PBXFileReference; fileEncoding = 4; lastKnownFileType = sourcecode.c.c; path = kernel_interrupt_overflow_exception.c; sourceTree = "<group>"; };
		05AFEE731620F27C00740041 /* kernel_interrupt_page_fault_exception.c */ = {isa = PBXFileReference; fileEncoding = 4; lastKnownFileType = sourcecode.c.c; path = kernel_interrupt_page_fault_exception.c; sourceTree = "<group>"; };
		05AFEE741620F27C00740041 /* kernel_interrupt_segment_not_present.c */ = {isa = PBXFileReference; fileEncoding = 4; lastKnownFileType = sourcecode.c.c; path = kernel_interrupt_segment_not_present.c; sourceTree = "<group>"; };
		05AFEE751620F27C00740041 /* kernel_interrupt_simd_floating_point_exception.c */ = {isa = PBXFileReference; fileEncoding = 4; lastKnownFileType = sourcecode.c.c; path = kernel_interrupt_simd_floating_point_exception.c; sourceTree = "<group>"; };
		05AFEE761620F27C00740041 /* kernel_interrupt_stack_fault_exception.c */ = {isa = PBXFileReference; fileEncoding = 4; lastKnownFileType = sourcecode.c.c; path = kernel_interrupt_stack_fault_exception.c; sourceTree = "<group>"; };
		05AFEE771620F27C00740041 /* kernel_interrupt_syscall.c */ = {isa = PBXFileReference; fileEncoding = 4; lastKnownFileType = sourcecode.c.c; path = kernel_interrupt_syscall.c; sourceTree = "<group>"; };
		05AFEE791620F27C00740041 /* kernel_main.c */ = {isa = PBXFileReference; fileEncoding = 4; lastKnownFileType = sourcecode.c.c; path = kernel_main.c; sourceTree = "<group>"; };
		05AFEE7A1620F27C00740041 /* Makefile */ = {isa = PBXFileReference; fileEncoding = 4; lastKnownFileType = sourcecode.make; path = Makefile; sourceTree = "<group>"; };
		05AFEE7C1620F27C00740041 /* syscall.c */ = {isa = PBXFileReference; fileEncoding = 4; lastKnownFileType = sourcecode.c.c; path = syscall.c; sourceTree = "<group>"; };
		05AFEE7E1620F27C00740041 /* panic.c */ = {isa = PBXFileReference; fileEncoding = 4; lastKnownFileType = sourcecode.c.c; path = panic.c; sourceTree = "<group>"; };
		05AFEE801620F27C00740041 /* kernel_video_clear.c */ = {isa = PBXFileReference; fileEncoding = 4; lastKnownFileType = sourcecode.c.c; path = kernel_video_clear.c; sourceTree = "<group>"; };
		05AFEE811620F27C00740041 /* kernel_video_cursor_move.c */ = {isa = PBXFileReference; fileEncoding = 4; lastKnownFileType = sourcecode.c.c; path = kernel_video_cursor_move.c; sourceTree = "<group>"; };
		05AFEE821620F27C00740041 /* kernel_video_cursor_x.c */ = {isa = PBXFileReference; fileEncoding = 4; lastKnownFileType = sourcecode.c.c; path = kernel_video_cursor_x.c; sourceTree = "<group>"; };
		05AFEE831620F27C00740041 /* kernel_video_cursor_y.c */ = {isa = PBXFileReference; fileEncoding = 4; lastKnownFileType = sourcecode.c.c; path = kernel_video_cursor_y.c; sourceTree = "<group>"; };
		05AFEE841620F27C00740041 /* kernel_video_print.c */ = {isa = PBXFileReference; fileEncoding = 4; lastKnownFileType = sourcecode.c.c; path = kernel_video_print.c; sourceTree = "<group>"; };
		05AFEE851620F27C00740041 /* kernel_video_printf.c */ = {isa = PBXFileReference; fileEncoding = 4; lastKnownFileType = sourcecode.c.c; path = kernel_video_printf.c; sourceTree = "<group>"; };
		05AFEE861620F27C00740041 /* kernel_video_prompt.c */ = {isa = PBXFileReference; fileEncoding = 4; lastKnownFileType = sourcecode.c.c; path = kernel_video_prompt.c; sourceTree = "<group>"; };
		05AFEE871620F27C00740041 /* kernel_video_promptf.c */ = {isa = PBXFileReference; fileEncoding = 4; lastKnownFileType = sourcecode.c.c; path = kernel_video_promptf.c; sourceTree = "<group>"; };
		05AFEE881620F27C00740041 /* kernel_video_putc.c */ = {isa = PBXFileReference; fileEncoding = 4; lastKnownFileType = sourcecode.c.c; path = kernel_video_putc.c; sourceTree = "<group>"; };
		05AFEE891620F27C00740041 /* kernel_video_scroll.c */ = {isa = PBXFileReference; fileEncoding = 4; lastKnownFileType = sourcecode.c.c; path = kernel_video_scroll.c; sourceTree = "<group>"; };
		05AFEE8A1620F27C00740041 /* kernel_video_set_bg.c */ = {isa = PBXFileReference; fileEncoding = 4; lastKnownFileType = sourcecode.c.c; path = kernel_video_set_bg.c; sourceTree = "<group>"; };
		05AFEE8B1620F27C00740041 /* kernel_video_set_fg.c */ = {isa = PBXFileReference; fileEncoding = 4; lastKnownFileType = sourcecode.c.c; path = kernel_video_set_fg.c; sourceTree = "<group>"; };
		05AFEE8C1620F27C00740041 /* kernel_video_vprintf.c */ = {isa = PBXFileReference; fileEncoding = 4; lastKnownFileType = sourcecode.c.c; path = kernel_video_vprintf.c; sourceTree = "<group>"; };
		05AFEE8E1620F27C00740041 /* __libc_assert.c */ = {isa = PBXFileReference; fileEncoding = 4; lastKnownFileType = sourcecode.c.c; path = __libc_assert.c; sourceTree = "<group>"; };
		05AFEE8F1620F27C00740041 /* __libc_ctype.c */ = {isa = PBXFileReference; fileEncoding = 4; lastKnownFileType = sourcecode.c.c; path = __libc_ctype.c; sourceTree = "<group>"; };
		05AFEE901620F27C00740041 /* __libc_errno.c */ = {isa = PBXFileReference; fileEncoding = 4; lastKnownFileType = sourcecode.c.c; path = __libc_errno.c; sourceTree = "<group>"; };
		05AFEE911620F27C00740041 /* __libc_locale.c */ = {isa = PBXFileReference; fileEncoding = 4; lastKnownFileType = sourcecode.c.c; path = __libc_locale.c; sourceTree = "<group>"; };
		05AFEE921620F27C00740041 /* __libc_math.c */ = {isa = PBXFileReference; fileEncoding = 4; lastKnownFileType = sourcecode.c.c; path = __libc_math.c; sourceTree = "<group>"; };
		05AFEE931620F27C00740041 /* __libc_signal.c */ = {isa = PBXFileReference; fileEncoding = 4; lastKnownFileType = sourcecode.c.c; path = __libc_signal.c; sourceTree = "<group>"; };
		05AFEE941620F27C00740041 /* __libc_stdio.c */ = {isa = PBXFileReference; fileEncoding = 4; lastKnownFileType = sourcecode.c.c; path = __libc_stdio.c; sourceTree = "<group>"; };
		05AFEE961620F27C00740041 /* isalnum.c */ = {isa = PBXFileReference; fileEncoding = 4; lastKnownFileType = sourcecode.c.c; path = isalnum.c; sourceTree = "<group>"; };
		05AFEE971620F27C00740041 /* isalpha.c */ = {isa = PBXFileReference; fileEncoding = 4; lastKnownFileType = sourcecode.c.c; path = isalpha.c; sourceTree = "<group>"; };
		05AFEE981620F27C00740041 /* iscntrl.c */ = {isa = PBXFileReference; fileEncoding = 4; lastKnownFileType = sourcecode.c.c; path = iscntrl.c; sourceTree = "<group>"; };
		05AFEE991620F27C00740041 /* isdigit.c */ = {isa = PBXFileReference; fileEncoding = 4; lastKnownFileType = sourcecode.c.c; path = isdigit.c; sourceTree = "<group>"; };
		05AFEE9A1620F27C00740041 /* isgraph.c */ = {isa = PBXFileReference; fileEncoding = 4; lastKnownFileType = sourcecode.c.c; path = isgraph.c; sourceTree = "<group>"; };
		05AFEE9B1620F27C00740041 /* islower.c */ = {isa = PBXFileReference; fileEncoding = 4; lastKnownFileType = sourcecode.c.c; path = islower.c; sourceTree = "<group>"; };
		05AFEE9C1620F27C00740041 /* isprint.c */ = {isa = PBXFileReference; fileEncoding = 4; lastKnownFileType = sourcecode.c.c; path = isprint.c; sourceTree = "<group>"; };
		05AFEE9D1620F27C00740041 /* ispunct.c */ = {isa = PBXFileReference; fileEncoding = 4; lastKnownFileType = sourcecode.c.c; path = ispunct.c; sourceTree = "<group>"; };
		05AFEE9E1620F27C00740041 /* isspace.c */ = {isa = PBXFileReference; fileEncoding = 4; lastKnownFileType = sourcecode.c.c; path = isspace.c; sourceTree = "<group>"; };
		05AFEE9F1620F27C00740041 /* isupper.c */ = {isa = PBXFileReference; fileEncoding = 4; lastKnownFileType = sourcecode.c.c; path = isupper.c; sourceTree = "<group>"; };
		05AFEEA01620F27C00740041 /* isxdigit.c */ = {isa = PBXFileReference; fileEncoding = 4; lastKnownFileType = sourcecode.c.c; path = isxdigit.c; sourceTree = "<group>"; };
		05AFEEA11620F27C00740041 /* tolower.c */ = {isa = PBXFileReference; fileEncoding = 4; lastKnownFileType = sourcecode.c.c; path = tolower.c; sourceTree = "<group>"; };
		05AFEEA21620F27C00740041 /* toupper.c */ = {isa = PBXFileReference; fileEncoding = 4; lastKnownFileType = sourcecode.c.c; path = toupper.c; sourceTree = "<group>"; };
		05AFEEA41620F27C00740041 /* assert.h */ = {isa = PBXFileReference; fileEncoding = 4; lastKnownFileType = sourcecode.c.h; path = assert.h; sourceTree = "<group>"; };
		05AFEEA51620F27C00740041 /* ctype.h */ = {isa = PBXFileReference; fileEncoding = 4; lastKnownFileType = sourcecode.c.h; path = ctype.h; sourceTree = "<group>"; };
		05AFEEA61620F27C00740041 /* errno.h */ = {isa = PBXFileReference; fileEncoding = 4; lastKnownFileType = sourcecode.c.h; path = errno.h; sourceTree = "<group>"; };
		05AFEEA71620F27C00740041 /* float.h */ = {isa = PBXFileReference; fileEncoding = 4; lastKnownFileType = sourcecode.c.h; path = float.h; sourceTree = "<group>"; };
		05AFEEA81620F27C00740041 /* iso646.h */ = {isa = PBXFileReference; fileEncoding = 4; lastKnownFileType = sourcecode.c.h; path = iso646.h; sourceTree = "<group>"; };
		05AFEEA91620F27C00740041 /* limits.h */ = {isa = PBXFileReference; fileEncoding = 4; lastKnownFileType = sourcecode.c.h; path = limits.h; sourceTree = "<group>"; };
		05AFEEAA1620F27C00740041 /* locale.h */ = {isa = PBXFileReference; fileEncoding = 4; lastKnownFileType = sourcecode.c.h; path = locale.h; sourceTree = "<group>"; };
		05AFEEAB1620F27C00740041 /* math.h */ = {isa = PBXFileReference; fileEncoding = 4; lastKnownFileType = sourcecode.c.h; path = math.h; sourceTree = "<group>"; };
		05AFEEAD1620F27C00740041 /* __null.h */ = {isa = PBXFileReference; fileEncoding = 4; lastKnownFileType = sourcecode.c.h; path = __null.h; sourceTree = "<group>"; };
		05AFEEAE1620F27C00740041 /* __size_t.h */ = {isa = PBXFileReference; fileEncoding = 4; lastKnownFileType = sourcecode.c.h; path = __size_t.h; sourceTree = "<group>"; };
		05AFEEAF1620F27C00740041 /* setjmp.h */ = {isa = PBXFileReference; fileEncoding = 4; lastKnownFileType = sourcecode.c.h; path = setjmp.h; sourceTree = "<group>"; };
		05AFEEB01620F27C00740041 /* signal.h */ = {isa = PBXFileReference; fileEncoding = 4; lastKnownFileType = sourcecode.c.h; path = signal.h; sourceTree = "<group>"; };
		05AFEEB11620F27C00740041 /* stdarg.h */ = {isa = PBXFileReference; fileEncoding = 4; lastKnownFileType = sourcecode.c.h; path = stdarg.h; sourceTree = "<group>"; };
		05AFEEB21620F27C00740041 /* stdbool.h */ = {isa = PBXFileReference; fileEncoding = 4; lastKnownFileType = sourcecode.c.h; path = stdbool.h; sourceTree = "<group>"; };
		05AFEEB31620F27C00740041 /* stddef.h */ = {isa = PBXFileReference; fileEncoding = 4; lastKnownFileType = sourcecode.c.h; path = stddef.h; sourceTree = "<group>"; };
		05AFEEB41620F27C00740041 /* stdint.h */ = {isa = PBXFileReference; fileEncoding = 4; lastKnownFileType = sourcecode.c.h; path = stdint.h; sourceTree = "<group>"; };
		05AFEEB51620F27C00740041 /* stdio.h */ = {isa = PBXFileReference; fileEncoding = 4; lastKnownFileType = sourcecode.c.h; path = stdio.h; sourceTree = "<group>"; };
		05AFEEB61620F27C00740041 /* stdlib.h */ = {isa = PBXFileReference; fileEncoding = 4; lastKnownFileType = sourcecode.c.h; path = stdlib.h; sourceTree = "<group>"; };
		05AFEEB71620F27C00740041 /* string.h */ = {isa = PBXFileReference; fileEncoding = 4; lastKnownFileType = sourcecode.c.h; path = string.h; sourceTree = "<group>"; };
		05AFEEB81620F27C00740041 /* time.h */ = {isa = PBXFileReference; fileEncoding = 4; lastKnownFileType = sourcecode.c.h; path = time.h; sourceTree = "<group>"; };
		05AFEEBA1620F27C00740041 /* localeconv.c */ = {isa = PBXFileReference; fileEncoding = 4; lastKnownFileType = sourcecode.c.c; path = localeconv.c; sourceTree = "<group>"; };
		05AFEEBB1620F27C00740041 /* setlocale.c */ = {isa = PBXFileReference; fileEncoding = 4; lastKnownFileType = sourcecode.c.c; path = setlocale.c; sourceTree = "<group>"; };
		05AFEEBC1620F27C00740041 /* Makefile */ = {isa = PBXFileReference; fileEncoding = 4; lastKnownFileType = sourcecode.make; path = Makefile; sourceTree = "<group>"; };
		05AFEEBE1620F27C00740041 /* acos.c */ = {isa = PBXFileReference; fileEncoding = 4; lastKnownFileType = sourcecode.c.c; path = acos.c; sourceTree = "<group>"; };
		05AFEEBF1620F27C00740041 /* asin.c */ = {isa = PBXFileReference; fileEncoding = 4; lastKnownFileType = sourcecode.c.c; path = asin.c; sourceTree = "<group>"; };
		05AFEEC01620F27C00740041 /* atan.c */ = {isa = PBXFileReference; fileEncoding = 4; lastKnownFileType = sourcecode.c.c; path = atan.c; sourceTree = "<group>"; };
		05AFEEC11620F27C00740041 /* atan2.c */ = {isa = PBXFileReference; fileEncoding = 4; lastKnownFileType = sourcecode.c.c; path = atan2.c; sourceTree = "<group>"; };
		05AFEEC21620F27C00740041 /* ceil.c */ = {isa = PBXFileReference; fileEncoding = 4; lastKnownFileType = sourcecode.c.c; path = ceil.c; sourceTree = "<group>"; };
		05AFEEC31620F27C00740041 /* cos.c */ = {isa = PBXFileReference; fileEncoding = 4; lastKnownFileType = sourcecode.c.c; path = cos.c; sourceTree = "<group>"; };
		05AFEEC41620F27C00740041 /* cosh.c */ = {isa = PBXFileReference; fileEncoding = 4; lastKnownFileType = sourcecode.c.c; path = cosh.c; sourceTree = "<group>"; };
		05AFEEC51620F27C00740041 /* exp.c */ = {isa = PBXFileReference; fileEncoding = 4; lastKnownFileType = sourcecode.c.c; path = exp.c; sourceTree = "<group>"; };
		05AFEEC61620F27C00740041 /* fabs.c */ = {isa = PBXFileReference; fileEncoding = 4; lastKnownFileType = sourcecode.c.c; path = fabs.c; sourceTree = "<group>"; };
		05AFEEC71620F27C00740041 /* floor.c */ = {isa = PBXFileReference; fileEncoding = 4; lastKnownFileType = sourcecode.c.c; path = floor.c; sourceTree = "<group>"; };
		05AFEEC81620F27C00740041 /* fmod.c */ = {isa = PBXFileReference; fileEncoding = 4; lastKnownFileType = sourcecode.c.c; path = fmod.c; sourceTree = "<group>"; };
		05AFEEC91620F27C00740041 /* frexp.c */ = {isa = PBXFileReference; fileEncoding = 4; lastKnownFileType = sourcecode.c.c; path = frexp.c; sourceTree = "<group>"; };
		05AFEECA1620F27C00740041 /* ldexp.c */ = {isa = PBXFileReference; fileEncoding = 4; lastKnownFileType = sourcecode.c.c; path = ldexp.c; sourceTree = "<group>"; };
		05AFEECB1620F27C00740041 /* log.c */ = {isa = PBXFileReference; fileEncoding = 4; lastKnownFileType = sourcecode.c.c; path = log.c; sourceTree = "<group>"; };
		05AFEECC1620F27C00740041 /* log10.c */ = {isa = PBXFileReference; fileEncoding = 4; lastKnownFileType = sourcecode.c.c; path = log10.c; sourceTree = "<group>"; };
		05AFEECD1620F27C00740041 /* modf.c */ = {isa = PBXFileReference; fileEncoding = 4; lastKnownFileType = sourcecode.c.c; path = modf.c; sourceTree = "<group>"; };
		05AFEECE1620F27C00740041 /* pow.c */ = {isa = PBXFileReference; fileEncoding = 4; lastKnownFileType = sourcecode.c.c; path = pow.c; sourceTree = "<group>"; };
		05AFEECF1620F27C00740041 /* sin.c */ = {isa = PBXFileReference; fileEncoding = 4; lastKnownFileType = sourcecode.c.c; path = sin.c; sourceTree = "<group>"; };
		05AFEED01620F27C00740041 /* sinh.c */ = {isa = PBXFileReference; fileEncoding = 4; lastKnownFileType = sourcecode.c.c; path = sinh.c; sourceTree = "<group>"; };
		05AFEED11620F27C00740041 /* sqrt.c */ = {isa = PBXFileReference; fileEncoding = 4; lastKnownFileType = sourcecode.c.c; path = sqrt.c; sourceTree = "<group>"; };
		05AFEED21620F27C00740041 /* tan.c */ = {isa = PBXFileReference; fileEncoding = 4; lastKnownFileType = sourcecode.c.c; path = tan.c; sourceTree = "<group>"; };
		05AFEED31620F27C00740041 /* tanh.c */ = {isa = PBXFileReference; fileEncoding = 4; lastKnownFileType = sourcecode.c.c; path = tanh.c; sourceTree = "<group>"; };
		05AFEED51620F27C00740041 /* raise.c */ = {isa = PBXFileReference; fileEncoding = 4; lastKnownFileType = sourcecode.c.c; path = raise.c; sourceTree = "<group>"; };
		05AFEED61620F27C00740041 /* signal.c */ = {isa = PBXFileReference; fileEncoding = 4; lastKnownFileType = sourcecode.c.c; path = signal.c; sourceTree = "<group>"; };
		05AFEED81620F27C00740041 /* clearerr.c */ = {isa = PBXFileReference; fileEncoding = 4; lastKnownFileType = sourcecode.c.c; path = clearerr.c; sourceTree = "<group>"; };
		05AFEED91620F27C00740041 /* feof.c */ = {isa = PBXFileReference; fileEncoding = 4; lastKnownFileType = sourcecode.c.c; path = feof.c; sourceTree = "<group>"; };
		05AFEEDA1620F27C00740041 /* ferror.c */ = {isa = PBXFileReference; fileEncoding = 4; lastKnownFileType = sourcecode.c.c; path = ferror.c; sourceTree = "<group>"; };
		05AFEEDB1620F27C00740041 /* fgetpos.c */ = {isa = PBXFileReference; fileEncoding = 4; lastKnownFileType = sourcecode.c.c; path = fgetpos.c; sourceTree = "<group>"; };
		05AFEEDC1620F27C00740041 /* fprintf.c */ = {isa = PBXFileReference; fileEncoding = 4; lastKnownFileType = sourcecode.c.c; path = fprintf.c; sourceTree = "<group>"; };
		05AFEEDD1620F27C00740041 /* fputc.c */ = {isa = PBXFileReference; fileEncoding = 4; lastKnownFileType = sourcecode.c.c; path = fputc.c; sourceTree = "<group>"; };
		05AFEEDE1620F27C00740041 /* fputs.c */ = {isa = PBXFileReference; fileEncoding = 4; lastKnownFileType = sourcecode.c.c; path = fputs.c; sourceTree = "<group>"; };
		05AFEEDF1620F27C00740041 /* fseek.c */ = {isa = PBXFileReference; fileEncoding = 4; lastKnownFileType = sourcecode.c.c; path = fseek.c; sourceTree = "<group>"; };
		05AFEEE01620F27C00740041 /* fsetpos.c */ = {isa = PBXFileReference; fileEncoding = 4; lastKnownFileType = sourcecode.c.c; path = fsetpos.c; sourceTree = "<group>"; };
		05AFEEE11620F27C00740041 /* ftell.c */ = {isa = PBXFileReference; fileEncoding = 4; lastKnownFileType = sourcecode.c.c; path = ftell.c; sourceTree = "<group>"; };
		05AFEEE21620F27C00740041 /* fwrite.c */ = {isa = PBXFileReference; fileEncoding = 4; lastKnownFileType = sourcecode.c.c; path = fwrite.c; sourceTree = "<group>"; };
		05AFEEE31620F27C00740041 /* perror.c */ = {isa = PBXFileReference; fileEncoding = 4; lastKnownFileType = sourcecode.c.c; path = perror.c; sourceTree = "<group>"; };
		05AFEEE41620F27C00740041 /* printf.c */ = {isa = PBXFileReference; fileEncoding = 4; lastKnownFileType = sourcecode.c.c; path = printf.c; sourceTree = "<group>"; };
		05AFEEE51620F27C00740041 /* puts.c */ = {isa = PBXFileReference; fileEncoding = 4; lastKnownFileType = sourcecode.c.c; path = puts.c; sourceTree = "<group>"; };
		05AFEEE61620F27C00740041 /* rewind.c */ = {isa = PBXFileReference; fileEncoding = 4; lastKnownFileType = sourcecode.c.c; path = rewind.c; sourceTree = "<group>"; };
		05AFEEE71620F27C00740041 /* sprintf.c */ = {isa = PBXFileReference; fileEncoding = 4; lastKnownFileType = sourcecode.c.c; path = sprintf.c; sourceTree = "<group>"; };
		05AFEEE81620F27C00740041 /* vfprintf.c */ = {isa = PBXFileReference; fileEncoding = 4; lastKnownFileType = sourcecode.c.c; path = vfprintf.c; sourceTree = "<group>"; };
		05AFEEE91620F27C00740041 /* vprintf.c */ = {isa = PBXFileReference; fileEncoding = 4; lastKnownFileType = sourcecode.c.c; path = vprintf.c; sourceTree = "<group>"; };
		05AFEEEA1620F27C00740041 /* vsprintf.c */ = {isa = PBXFileReference; fileEncoding = 4; lastKnownFileType = sourcecode.c.c; path = vsprintf.c; sourceTree = "<group>"; };
		05AFEEEC1620F27C00740041 /* abort.c */ = {isa = PBXFileReference; fileEncoding = 4; lastKnownFileType = sourcecode.c.c; path = abort.c; sourceTree = "<group>"; };
		05AFEEED1620F27C00740041 /* exit.c */ = {isa = PBXFileReference; fileEncoding = 4; lastKnownFileType = sourcecode.c.c; path = exit.c; sourceTree = "<group>"; };
		05AFEEEF1620F27C00740041 /* memchr.c */ = {isa = PBXFileReference; fileEncoding = 4; lastKnownFileType = sourcecode.c.c; path = memchr.c; sourceTree = "<group>"; };
		05AFEEF01620F27C00740041 /* memcmp.c */ = {isa = PBXFileReference; fileEncoding = 4; lastKnownFileType = sourcecode.c.c; path = memcmp.c; sourceTree = "<group>"; };
		05AFEEF11620F27C00740041 /* memcpy.c */ = {isa = PBXFileReference; fileEncoding = 4; lastKnownFileType = sourcecode.c.c; path = memcpy.c; sourceTree = "<group>"; };
		05AFEEF21620F27C00740041 /* memmove.c */ = {isa = PBXFileReference; fileEncoding = 4; lastKnownFileType = sourcecode.c.c; path = memmove.c; sourceTree = "<group>"; };
		05AFEEF31620F27C00740041 /* memset.c */ = {isa = PBXFileReference; fileEncoding = 4; lastKnownFileType = sourcecode.c.c; path = memset.c; sourceTree = "<group>"; };
		05AFEEF41620F27C00740041 /* strcat.c */ = {isa = PBXFileReference; fileEncoding = 4; lastKnownFileType = sourcecode.c.c; path = strcat.c; sourceTree = "<group>"; };
		05AFEEF51620F27C00740041 /* strchr.c */ = {isa = PBXFileReference; fileEncoding = 4; lastKnownFileType = sourcecode.c.c; path = strchr.c; sourceTree = "<group>"; };
		05AFEEF61620F27C00740041 /* strcmp.c */ = {isa = PBXFileReference; fileEncoding = 4; lastKnownFileType = sourcecode.c.c; path = strcmp.c; sourceTree = "<group>"; };
		05AFEEF71620F27C00740041 /* strcoll.c */ = {isa = PBXFileReference; fileEncoding = 4; lastKnownFileType = sourcecode.c.c; path = strcoll.c; sourceTree = "<group>"; };
		05AFEEF81620F27C00740041 /* strcpy.c */ = {isa = PBXFileReference; fileEncoding = 4; lastKnownFileType = sourcecode.c.c; path = strcpy.c; sourceTree = "<group>"; };
		05AFEEF91620F27C00740041 /* strcspn.c */ = {isa = PBXFileReference; fileEncoding = 4; lastKnownFileType = sourcecode.c.c; path = strcspn.c; sourceTree = "<group>"; };
		05AFEEFA1620F27C00740041 /* strerror.c */ = {isa = PBXFileReference; fileEncoding = 4; lastKnownFileType = sourcecode.c.c; path = strerror.c; sourceTree = "<group>"; };
		05AFEEFB1620F27C00740041 /* strlen.c */ = {isa = PBXFileReference; fileEncoding = 4; lastKnownFileType = sourcecode.c.c; path = strlen.c; sourceTree = "<group>"; };
		05AFEEFC1620F27C00740041 /* strncat.c */ = {isa = PBXFileReference; fileEncoding = 4; lastKnownFileType = sourcecode.c.c; path = strncat.c; sourceTree = "<group>"; };
		05AFEEFD1620F27C00740041 /* strncmp.c */ = {isa = PBXFileReference; fileEncoding = 4; lastKnownFileType = sourcecode.c.c; path = strncmp.c; sourceTree = "<group>"; };
		05AFEEFE1620F27C00740041 /* strncpy.c */ = {isa = PBXFileReference; fileEncoding = 4; lastKnownFileType = sourcecode.c.c; path = strncpy.c; sourceTree = "<group>"; };
		05AFEEFF1620F27C00740041 /* strpbrk.c */ = {isa = PBXFileReference; fileEncoding = 4; lastKnownFileType = sourcecode.c.c; path = strpbrk.c; sourceTree = "<group>"; };
		05AFEF001620F27C00740041 /* strrchr.c */ = {isa = PBXFileReference; fileEncoding = 4; lastKnownFileType = sourcecode.c.c; path = strrchr.c; sourceTree = "<group>"; };
		05AFEF011620F27C00740041 /* strspn.c */ = {isa = PBXFileReference; fileEncoding = 4; lastKnownFileType = sourcecode.c.c; path = strspn.c; sourceTree = "<group>"; };
		05AFEF021620F27C00740041 /* strstr.c */ = {isa = PBXFileReference; fileEncoding = 4; lastKnownFileType = sourcecode.c.c; path = strstr.c; sourceTree = "<group>"; };
		05AFEF031620F27C00740041 /* strtok.c */ = {isa = PBXFileReference; fileEncoding = 4; lastKnownFileType = sourcecode.c.c; path = strtok.c; sourceTree = "<group>"; };
		05AFEF041620F27C00740041 /* strxfrm.c */ = {isa = PBXFileReference; fileEncoding = 4; lastKnownFileType = sourcecode.c.c; path = strxfrm.c; sourceTree = "<group>"; };
		05AFEF061620F27C00740041 /* asctime.c */ = {isa = PBXFileReference; fileEncoding = 4; lastKnownFileType = sourcecode.c.c; path = asctime.c; sourceTree = "<group>"; };
		05AFEF071620F27C00740041 /* clock.c */ = {isa = PBXFileReference; fileEncoding = 4; lastKnownFileType = sourcecode.c.c; path = clock.c; sourceTree = "<group>"; };
		05AFEF081620F27C00740041 /* ctime.c */ = {isa = PBXFileReference; fileEncoding = 4; lastKnownFileType = sourcecode.c.c; path = ctime.c; sourceTree = "<group>"; };
		05AFEF091620F27C00740041 /* difftime.c */ = {isa = PBXFileReference; fileEncoding = 4; lastKnownFileType = sourcecode.c.c; path = difftime.c; sourceTree = "<group>"; };
		05AFEF0A1620F27C00740041 /* gmtime.c */ = {isa = PBXFileReference; fileEncoding = 4; lastKnownFileType = sourcecode.c.c; path = gmtime.c; sourceTree = "<group>"; };
		05AFEF0B1620F27C00740041 /* localtime.c */ = {isa = PBXFileReference; fileEncoding = 4; lastKnownFileType = sourcecode.c.c; path = localtime.c; sourceTree = "<group>"; };
		05AFEF0C1620F27C00740041 /* mktime.c */ = {isa = PBXFileReference; fileEncoding = 4; lastKnownFileType = sourcecode.c.c; path = mktime.c; sourceTree = "<group>"; };
		05AFEF0D1620F27C00740041 /* strftime.c */ = {isa = PBXFileReference; fileEncoding = 4; lastKnownFileType = sourcecode.c.c; path = strftime.c; sourceTree = "<group>"; };
		05AFEF0E1620F27C00740041 /* time.c */ = {isa = PBXFileReference; fileEncoding = 4; lastKnownFileType = sourcecode.c.c; path = time.c; sourceTree = "<group>"; };
		05AFEF0F1620F27C00740041 /* linker.ld */ = {isa = PBXFileReference; fileEncoding = 4; lastKnownFileType = text; path = linker.ld; sourceTree = "<group>"; };
		05AFEF101620F27C00740041 /* Makefile */ = {isa = PBXFileReference; fileEncoding = 4; lastKnownFileType = sourcecode.make; path = Makefile; sourceTree = "<group>"; };
		05AFEF121620F8F700740041 /* LICENSE.txt */ = {isa = PBXFileReference; fileEncoding = 4; lastKnownFileType = text; name = LICENSE.txt; path = ../LICENSE.txt; sourceTree = "<group>"; };
		05AFEF141620FA2700740041 /* kernel_init.s */ = {isa = PBXFileReference; fileEncoding = 4; lastKnownFileType = sourcecode.asm; path = kernel_init.s; sourceTree = "<group>"; };
		05BE237C1625E354002C1185 /* Makefile-Config.mk */ = {isa = PBXFileReference; fileEncoding = 4; lastKnownFileType = text; name = "Makefile-Config.mk"; path = "../Makefile-Config.mk"; sourceTree = "<group>"; };
		05DABB30162209D700DA8F66 /* kernel_video_itoa.c */ = {isa = PBXFileReference; fileEncoding = 4; lastKnownFileType = sourcecode.c.c; path = kernel_video_itoa.c; sourceTree = "<group>"; };
		05DABB31162209E300DA8F66 /* kernel_video_utoa.c */ = {isa = PBXFileReference; fileEncoding = 4; lastKnownFileType = sourcecode.c.c; path = kernel_video_utoa.c; sourceTree = "<group>"; };
/* End PBXFileReference section */

/* Begin PBXGroup section */
		0511119016249A0200966E40 /* binutils */ = {
			isa = PBXGroup;
			children = (
				05111DB516249A0500966E40 /* Makefile */,
			);
			path = binutils;
			sourceTree = "<group>";
		};
		056A28B71628AA80003FBE80 /* release */ = {
			isa = PBXGroup;
			children = (
				056A291F1628AA80003FBE80 /* Makefile */,
			);
			name = release;
			path = ../release;
			sourceTree = "<group>";
		};
		056A29211628ACF4003FBE80 /* pthread */ = {
			isa = PBXGroup;
			children = (
				056A29221628ACF4003FBE80 /* include */,
				056A29231628ACF4003FBE80 /* Makefile */,
			);
			path = pthread;
			sourceTree = "<group>";
		};
		056A29221628ACF4003FBE80 /* include */ = {
			isa = PBXGroup;
			children = (
				056A29241628AD3D003FBE80 /* pthread.h */,
			);
			path = include;
			sourceTree = "<group>";
		};
		05A8F94E1625690B000484EB /* yasm */ = {
			isa = PBXGroup;
			children = (
				05A8F9531625690B000484EB /* Makefile */,
			);
			path = yasm;
			sourceTree = "<group>";
		};
		05AFEDB01620F26400740041 = {
			isa = PBXGroup;
			children = (
				05AFEF121620F8F700740041 /* LICENSE.txt */,
				05AFEDD81620F27C00740041 /* Makefile */,
				05BE237C1625E354002C1185 /* Makefile-Config.mk */,
				05AFEDD91620F27C00740041 /* README.md */,
				056A28B71628AA80003FBE80 /* release */,
				05AFEDDA1620F27C00740041 /* software-deps */,
				05AFEDF81620F27C00740041 /* source */,
			);
			sourceTree = "<group>";
		};
		05AFEDDA1620F27C00740041 /* software-deps */ = {
			isa = PBXGroup;
			children = (
				0511119016249A0200966E40 /* binutils */,
				05AFEDF11620F27C00740041 /* llvm */,
				05A8F94E1625690B000484EB /* yasm */,
				05AFEDF71620F27C00740041 /* Makefile */,
			);
			name = "software-deps";
			path = "../software-deps";
			sourceTree = "<group>";
		};
		05AFEDF11620F27C00740041 /* llvm */ = {
			isa = PBXGroup;
			children = (
				05AFEDF41620F27C00740041 /* Makefile */,
			);
			path = llvm;
			sourceTree = "<group>";
		};
		05AFEDF81620F27C00740041 /* source */ = {
			isa = PBXGroup;
			children = (
				05AFEDF91620F27C00740041 /* boot */,
				05AFEE0F1620F27C00740041 /* core */,
			);
			name = source;
			path = ../source;
			sourceTree = "<group>";
		};
		05AFEDF91620F27C00740041 /* boot */ = {
			isa = PBXGroup;
			children = (
				05AFEDFA1620F27C00740041 /* mbr.s */,
				05AFEDFB1620F27C00740041 /* boot.s */,
				05AFEDFC1620F27C00740041 /* include */,
				05AFEE0E1620F27C00740041 /* Makefile */,
			);
			path = boot;
			sourceTree = "<group>";
		};
		05AFEDFC1620F27C00740041 /* include */ = {
			isa = PBXGroup;
			children = (
				05AFEDFD1620F27C00740041 /* bios.int.inc.s */,
				05AFEDFF1620F27C00740041 /* bios.video.inc.16.s */,
				05AFEE001620F27C00740041 /* xeos.a20.inc.16.s */,
				05AFEE011620F27C00740041 /* xeos.ascii.inc.s */,
				0569C8691629645E00A8FF1D /* xeos.constants.inc.s */,
				0569C86D162B0A6800A8FF1D /* xeos.cpu.inc.16.s */,
				05AFEE031620F27C00740041 /* xeos.crt.controller.inc.s */,
				0569C86C162AF3FE00A8FF1D /* xeos.elf.inc.16.s */,
				05AFEE071620F27C00740041 /* xeos.gdt.inc.s */,
				05AFEE081620F27C00740041 /* xeos.io.fat12.inc.16.s */,
				05AFEE0A1620F27C00740041 /* xeos.io.fat12.mbr.inc.16.s */,
				05AFEE091620F27C00740041 /* xeos.macros.inc.s */,
			);
			path = include;
			sourceTree = "<group>";
		};
		05AFEE0F1620F27C00740041 /* core */ = {
			isa = PBXGroup;
			children = (
				05AFEE101620F27C00740041 /* hal */,
				05AFEE5A1620F27C00740041 /* kernel */,
				05AFEE8D1620F27C00740041 /* libc */,
				056A29211628ACF4003FBE80 /* pthread */,
				05AFEF0F1620F27C00740041 /* linker.ld */,
				05AFEF101620F27C00740041 /* Makefile */,
			);
			path = core;
			sourceTree = "<group>";
		};
		05AFEE101620F27C00740041 /* hal */ = {
			isa = PBXGroup;
			children = (
				05AFEE111620F27C00740041 /* __hal_gdt.c */,
				05AFEE121620F27C00740041 /* __hal_idt.c */,
				05AFEE131620F27C00740041 /* __hal_smbios.c */,
				05AFEE141620F27C00740041 /* cpu */,
				05AFEE171620F27C00740041 /* idt */,
				05AFEE1B1620F27C00740041 /* include */,
				05AFEE261620F27C00740041 /* io */,
				05AFEE291620F27C00740041 /* Makefile */,
				05AFEE2A1620F27C00740041 /* smbios */,
			);
			path = hal;
			sourceTree = "<group>";
		};
		05AFEE141620F27C00740041 /* cpu */ = {
			isa = PBXGroup;
			children = (
				05AFEE151620F27C00740041 /* hal_cpu_cli.c */,
				05AFEE161620F27C00740041 /* hal_cpu_sti.c */,
			);
			path = cpu;
			sourceTree = "<group>";
		};
		05AFEE171620F27C00740041 /* idt */ = {
			isa = PBXGroup;
			children = (
				05AFEE181620F27C00740041 /* hal_idt_get_descriptor.c */,
				05AFEE191620F27C00740041 /* hal_idt_init.c */,
				05AFEE1A1620F27C00740041 /* hal_idt_set_descriptor.c */,
			);
			path = idt;
			sourceTree = "<group>";
		};
		05AFEE1B1620F27C00740041 /* include */ = {
			isa = PBXGroup;
			children = (
				05AFEE1C1620F27C00740041 /* cpu.h */,
				05AFEE1D1620F27C00740041 /* crtc.h */,
				05AFEE1E1620F27C00740041 /* gdt.h */,
				05AFEE1F1620F27C00740041 /* hal.h */,
				05AFEE201620F27C00740041 /* idt.h */,
				05AFEE211620F27C00740041 /* interrupts.h */,
				05AFEE221620F27C00740041 /* io.h */,
				05AFEE231620F27C00740041 /* pic.h */,
				05AFEE241620F27C00740041 /* pit.h */,
				05AFEE251620F27C00740041 /* smbios.h */,
			);
			path = include;
			sourceTree = "<group>";
		};
		05AFEE261620F27C00740041 /* io */ = {
			isa = PBXGroup;
			children = (
				05AFEE271620F27C00740041 /* hal_io_port_in.c */,
				05AFEE281620F27C00740041 /* hal_io_port_out.c */,
			);
			path = io;
			sourceTree = "<group>";
		};
		05AFEE2A1620F27C00740041 /* smbios */ = {
			isa = PBXGroup;
			children = (
				05AFEE2B1620F27C00740041 /* hal_smbios_find_entry.c */,
				05AFEE2C1620F27C00740041 /* hal_smbios_get_infos.c */,
				05AFEE2D1620F27C00740041 /* hal_smbios_processor_family_string.c */,
				05AFEE2E1620F27C00740041 /* hal_smbios_processor_type_string.c */,
				05AFEE2F1620F27C00740041 /* hal_smbios_uuid_string.c */,
				05AFEE301620F27C00740041 /* hal_smbios_verifiy_checksum.c */,
				05AFEE311620F27C00740041 /* hal_smbios_verifiy_intermediate_checksum.c */,
			);
			path = smbios;
			sourceTree = "<group>";
		};
		05AFEE5A1620F27C00740041 /* kernel */ = {
			isa = PBXGroup;
			children = (
				05AFEE5B1620F27C00740041 /* __video.c */,
				05AFEE5C1620F27C00740041 /* include */,
				05AFEE621620F27C00740041 /* interrupts */,
				05AFEF141620FA2700740041 /* kernel_init.s */,
				05AFEE791620F27C00740041 /* kernel_main.c */,
				05AFEE7A1620F27C00740041 /* Makefile */,
				05AFEE7B1620F27C00740041 /* syscalls */,
				05AFEE7D1620F27C00740041 /* system */,
				05AFEE7F1620F27C00740041 /* video */,
			);
			path = kernel;
			sourceTree = "<group>";
		};
		05AFEE5C1620F27C00740041 /* include */ = {
			isa = PBXGroup;
			children = (
				05AFEE5D1620F27C00740041 /* private */,
				05AFEE601620F27C00740041 /* syscalls.h */,
				05AFEE611620F27C00740041 /* system.h */,
			);
			path = include;
			sourceTree = "<group>";
		};
		05AFEE5D1620F27C00740041 /* private */ = {
			isa = PBXGroup;
			children = (
				05AFEE5E1620F27C00740041 /* interrupts.h */,
				05AFEE5F1620F27C00740041 /* video.h */,
			);
			path = private;
			sourceTree = "<group>";
		};
		05AFEE621620F27C00740041 /* interrupts */ = {
			isa = PBXGroup;
			children = (
				05AFEE631620F27C00740041 /* kernel_interrupt_alignment_check_exception.c */,
				05AFEE641620F27C00740041 /* kernel_interrupt_bound_range_exceeded_exception.c */,
				05AFEE651620F27C00740041 /* kernel_interrupt_breakpoint_exception.c */,
				05AFEE661620F27C00740041 /* kernel_interrupt_coprocessor_segment_overrun.c */,
				05AFEE671620F27C00740041 /* kernel_interrupt_debug_exception.c */,
				05AFEE681620F27C00740041 /* kernel_interrupt_default_handler.c */,
				05AFEE691620F27C00740041 /* kernel_interrupt_device_not_available_exception.c */,
				05AFEE6A1620F27C00740041 /* kernel_interrupt_divide_error.c */,
				05AFEE6B1620F27C00740041 /* kernel_interrupt_double_fault_exception.c */,
				05AFEE6C1620F27C00740041 /* kernel_interrupt_floating_point_error_exception.c */,
				05AFEE6D1620F27C00740041 /* kernel_interrupt_general_protection_exception.c */,
				05AFEE6E1620F27C00740041 /* kernel_interrupt_invalid_opcode_exception.c */,
				05AFEE6F1620F27C00740041 /* kernel_interrupt_invalid_tss_exception.c */,
				05AFEE701620F27C00740041 /* kernel_interrupt_machine_check_exception.c */,
				05AFEE711620F27C00740041 /* kernel_interrupt_nmi_interrupt.c */,
				05AFEE721620F27C00740041 /* kernel_interrupt_overflow_exception.c */,
				05AFEE731620F27C00740041 /* kernel_interrupt_page_fault_exception.c */,
				05AFEE741620F27C00740041 /* kernel_interrupt_segment_not_present.c */,
				05AFEE751620F27C00740041 /* kernel_interrupt_simd_floating_point_exception.c */,
				05AFEE761620F27C00740041 /* kernel_interrupt_stack_fault_exception.c */,
				05AFEE771620F27C00740041 /* kernel_interrupt_syscall.c */,
			);
			path = interrupts;
			sourceTree = "<group>";
		};
		05AFEE7B1620F27C00740041 /* syscalls */ = {
			isa = PBXGroup;
			children = (
				05AFEE7C1620F27C00740041 /* syscall.c */,
			);
			path = syscalls;
			sourceTree = "<group>";
		};
		05AFEE7D1620F27C00740041 /* system */ = {
			isa = PBXGroup;
			children = (
				05AFEE7E1620F27C00740041 /* panic.c */,
			);
			path = system;
			sourceTree = "<group>";
		};
		05AFEE7F1620F27C00740041 /* video */ = {
			isa = PBXGroup;
			children = (
				05AFEE801620F27C00740041 /* kernel_video_clear.c */,
				05AFEE811620F27C00740041 /* kernel_video_cursor_move.c */,
				05AFEE821620F27C00740041 /* kernel_video_cursor_x.c */,
				05AFEE831620F27C00740041 /* kernel_video_cursor_y.c */,
				05DABB30162209D700DA8F66 /* kernel_video_itoa.c */,
				05AFEE841620F27C00740041 /* kernel_video_print.c */,
				05AFEE851620F27C00740041 /* kernel_video_printf.c */,
				05AFEE861620F27C00740041 /* kernel_video_prompt.c */,
				05AFEE871620F27C00740041 /* kernel_video_promptf.c */,
				05AFEE881620F27C00740041 /* kernel_video_putc.c */,
				05AFEE891620F27C00740041 /* kernel_video_scroll.c */,
				05AFEE8A1620F27C00740041 /* kernel_video_set_bg.c */,
				05AFEE8B1620F27C00740041 /* kernel_video_set_fg.c */,
				055B2E0016236232001FE307 /* kernel_video_str_reverse.c */,
				05DABB31162209E300DA8F66 /* kernel_video_utoa.c */,
				05AFEE8C1620F27C00740041 /* kernel_video_vprintf.c */,
			);
			path = video;
			sourceTree = "<group>";
		};
		05AFEE8D1620F27C00740041 /* libc */ = {
			isa = PBXGroup;
			children = (
				05AFEE8E1620F27C00740041 /* __libc_assert.c */,
				05AFEE8F1620F27C00740041 /* __libc_ctype.c */,
				05AFEE901620F27C00740041 /* __libc_errno.c */,
				05AFEE911620F27C00740041 /* __libc_locale.c */,
				05AFEE921620F27C00740041 /* __libc_math.c */,
				05AFEE931620F27C00740041 /* __libc_signal.c */,
				05AFEE941620F27C00740041 /* __libc_stdio.c */,
				05AFEE951620F27C00740041 /* ctype */,
				05AFEEA31620F27C00740041 /* include */,
				05AFEEB91620F27C00740041 /* locale */,
				05AFEEBC1620F27C00740041 /* Makefile */,
				05AFEEBD1620F27C00740041 /* math */,
				05AFEED41620F27C00740041 /* signal */,
				05AFEED71620F27C00740041 /* stdio */,
				05AFEEEB1620F27C00740041 /* stdlib */,
				05AFEEEE1620F27C00740041 /* string */,
				05AFEF051620F27C00740041 /* time */,
			);
			path = libc;
			sourceTree = "<group>";
		};
		05AFEE951620F27C00740041 /* ctype */ = {
			isa = PBXGroup;
			children = (
				05AFEE961620F27C00740041 /* isalnum.c */,
				05AFEE971620F27C00740041 /* isalpha.c */,
				05AFEE981620F27C00740041 /* iscntrl.c */,
				05AFEE991620F27C00740041 /* isdigit.c */,
				05AFEE9A1620F27C00740041 /* isgraph.c */,
				05AFEE9B1620F27C00740041 /* islower.c */,
				05AFEE9C1620F27C00740041 /* isprint.c */,
				05AFEE9D1620F27C00740041 /* ispunct.c */,
				05AFEE9E1620F27C00740041 /* isspace.c */,
				05AFEE9F1620F27C00740041 /* isupper.c */,
				05AFEEA01620F27C00740041 /* isxdigit.c */,
				05AFEEA11620F27C00740041 /* tolower.c */,
				05AFEEA21620F27C00740041 /* toupper.c */,
			);
			path = ctype;
			sourceTree = "<group>";
		};
		05AFEEA31620F27C00740041 /* include */ = {
			isa = PBXGroup;
			children = (
				05AFEEA41620F27C00740041 /* assert.h */,
				05AFEEA51620F27C00740041 /* ctype.h */,
				05AFEEA61620F27C00740041 /* errno.h */,
				05AFEEA71620F27C00740041 /* float.h */,
				05AFEEA81620F27C00740041 /* iso646.h */,
				05AFEEA91620F27C00740041 /* limits.h */,
				05AFEEAA1620F27C00740041 /* locale.h */,
				05AFEEAB1620F27C00740041 /* math.h */,
				05AFEEAC1620F27C00740041 /* private */,
				05AFEEAF1620F27C00740041 /* setjmp.h */,
				05AFEEB01620F27C00740041 /* signal.h */,
				05AFEEB11620F27C00740041 /* stdarg.h */,
				05AFEEB21620F27C00740041 /* stdbool.h */,
				05AFEEB31620F27C00740041 /* stddef.h */,
				05AFEEB41620F27C00740041 /* stdint.h */,
				05AFEEB51620F27C00740041 /* stdio.h */,
				05AFEEB61620F27C00740041 /* stdlib.h */,
				05AFEEB71620F27C00740041 /* string.h */,
				05AFEEB81620F27C00740041 /* time.h */,
			);
			path = include;
			sourceTree = "<group>";
		};
		05AFEEAC1620F27C00740041 /* private */ = {
			isa = PBXGroup;
			children = (
				05AFEEAD1620F27C00740041 /* __null.h */,
				05AFEEAE1620F27C00740041 /* __size_t.h */,
			);
			path = private;
			sourceTree = "<group>";
		};
		05AFEEB91620F27C00740041 /* locale */ = {
			isa = PBXGroup;
			children = (
				05AFEEBA1620F27C00740041 /* localeconv.c */,
				05AFEEBB1620F27C00740041 /* setlocale.c */,
			);
			path = locale;
			sourceTree = "<group>";
		};
		05AFEEBD1620F27C00740041 /* math */ = {
			isa = PBXGroup;
			children = (
				05AFEEBE1620F27C00740041 /* acos.c */,
				05AFEEBF1620F27C00740041 /* asin.c */,
				05AFEEC01620F27C00740041 /* atan.c */,
				05AFEEC11620F27C00740041 /* atan2.c */,
				05AFEEC21620F27C00740041 /* ceil.c */,
				05AFEEC31620F27C00740041 /* cos.c */,
				05AFEEC41620F27C00740041 /* cosh.c */,
				05AFEEC51620F27C00740041 /* exp.c */,
				05AFEEC61620F27C00740041 /* fabs.c */,
				05AFEEC71620F27C00740041 /* floor.c */,
				05AFEEC81620F27C00740041 /* fmod.c */,
				05AFEEC91620F27C00740041 /* frexp.c */,
				05AFEECA1620F27C00740041 /* ldexp.c */,
				05AFEECB1620F27C00740041 /* log.c */,
				05AFEECC1620F27C00740041 /* log10.c */,
				05AFEECD1620F27C00740041 /* modf.c */,
				05AFEECE1620F27C00740041 /* pow.c */,
				05AFEECF1620F27C00740041 /* sin.c */,
				05AFEED01620F27C00740041 /* sinh.c */,
				05AFEED11620F27C00740041 /* sqrt.c */,
				05AFEED21620F27C00740041 /* tan.c */,
				05AFEED31620F27C00740041 /* tanh.c */,
			);
			path = math;
			sourceTree = "<group>";
		};
		05AFEED41620F27C00740041 /* signal */ = {
			isa = PBXGroup;
			children = (
				05AFEED51620F27C00740041 /* raise.c */,
				05AFEED61620F27C00740041 /* signal.c */,
			);
			path = signal;
			sourceTree = "<group>";
		};
		05AFEED71620F27C00740041 /* stdio */ = {
			isa = PBXGroup;
			children = (
				05AFEED81620F27C00740041 /* clearerr.c */,
				05AFEED91620F27C00740041 /* feof.c */,
				05AFEEDA1620F27C00740041 /* ferror.c */,
				05AFEEDB1620F27C00740041 /* fgetpos.c */,
				05AFEEDC1620F27C00740041 /* fprintf.c */,
				05AFEEDD1620F27C00740041 /* fputc.c */,
				05AFEEDE1620F27C00740041 /* fputs.c */,
				05AFEEDF1620F27C00740041 /* fseek.c */,
				05AFEEE01620F27C00740041 /* fsetpos.c */,
				05AFEEE11620F27C00740041 /* ftell.c */,
				05AFEEE21620F27C00740041 /* fwrite.c */,
				05AFEEE31620F27C00740041 /* perror.c */,
				05AFEEE41620F27C00740041 /* printf.c */,
				05AFEEE51620F27C00740041 /* puts.c */,
				05AFEEE61620F27C00740041 /* rewind.c */,
				05AFEEE71620F27C00740041 /* sprintf.c */,
				05AFEEE81620F27C00740041 /* vfprintf.c */,
				05AFEEE91620F27C00740041 /* vprintf.c */,
				05AFEEEA1620F27C00740041 /* vsprintf.c */,
			);
			path = stdio;
			sourceTree = "<group>";
		};
		05AFEEEB1620F27C00740041 /* stdlib */ = {
			isa = PBXGroup;
			children = (
				05AFEEEC1620F27C00740041 /* abort.c */,
				05AFEEED1620F27C00740041 /* exit.c */,
			);
			path = stdlib;
			sourceTree = "<group>";
		};
		05AFEEEE1620F27C00740041 /* string */ = {
			isa = PBXGroup;
			children = (
				05AFEEEF1620F27C00740041 /* memchr.c */,
				05AFEEF01620F27C00740041 /* memcmp.c */,
				05AFEEF11620F27C00740041 /* memcpy.c */,
				05AFEEF21620F27C00740041 /* memmove.c */,
				05AFEEF31620F27C00740041 /* memset.c */,
				05AFEEF41620F27C00740041 /* strcat.c */,
				05AFEEF51620F27C00740041 /* strchr.c */,
				05AFEEF61620F27C00740041 /* strcmp.c */,
				05AFEEF71620F27C00740041 /* strcoll.c */,
				05AFEEF81620F27C00740041 /* strcpy.c */,
				05AFEEF91620F27C00740041 /* strcspn.c */,
				05AFEEFA1620F27C00740041 /* strerror.c */,
				05AFEEFB1620F27C00740041 /* strlen.c */,
				05AFEEFC1620F27C00740041 /* strncat.c */,
				05AFEEFD1620F27C00740041 /* strncmp.c */,
				05AFEEFE1620F27C00740041 /* strncpy.c */,
				05AFEEFF1620F27C00740041 /* strpbrk.c */,
				05AFEF001620F27C00740041 /* strrchr.c */,
				05AFEF011620F27C00740041 /* strspn.c */,
				05AFEF021620F27C00740041 /* strstr.c */,
				05AFEF031620F27C00740041 /* strtok.c */,
				05AFEF041620F27C00740041 /* strxfrm.c */,
			);
			path = string;
			sourceTree = "<group>";
		};
		05AFEF051620F27C00740041 /* time */ = {
			isa = PBXGroup;
			children = (
				05AFEF061620F27C00740041 /* asctime.c */,
				05AFEF071620F27C00740041 /* clock.c */,
				05AFEF081620F27C00740041 /* ctime.c */,
				05AFEF091620F27C00740041 /* difftime.c */,
				05AFEF0A1620F27C00740041 /* gmtime.c */,
				05AFEF0B1620F27C00740041 /* localtime.c */,
				05AFEF0C1620F27C00740041 /* mktime.c */,
				05AFEF0D1620F27C00740041 /* strftime.c */,
				05AFEF0E1620F27C00740041 /* time.c */,
			);
			path = time;
			sourceTree = "<group>";
		};
/* End PBXGroup section */

/* Begin PBXLegacyTarget section */
		05AFEDB71620F26400740041 /* XEOS */ = {
			isa = PBXLegacyTarget;
			buildArgumentsString = "$(ACTION)";
			buildConfigurationList = 05AFEDBA1620F26400740041 /* Build configuration list for PBXLegacyTarget "XEOS" */;
			buildPhases = (
			);
			buildToolPath = /usr/bin/make;
			buildWorkingDirectory = ../;
			dependencies = (
			);
			name = XEOS;
			passBuildSettingsInEnvironment = 1;
			productName = XEOS;
		};
/* End PBXLegacyTarget section */

/* Begin PBXProject section */
		05AFEDB21620F26400740041 /* Project object */ = {
			isa = PBXProject;
			attributes = {
				LastUpgradeCheck = 0450;
				ORGANIZATIONNAME = eosgarden;
			};
			buildConfigurationList = 05AFEDB51620F26400740041 /* Build configuration list for PBXProject "XEOS" */;
			compatibilityVersion = "Xcode 3.2";
			developmentRegion = English;
			hasScannedForEncodings = 0;
			knownRegions = (
				en,
			);
			mainGroup = 05AFEDB01620F26400740041;
			projectDirPath = "";
			projectRoot = "";
			targets = (
				05AFEDB71620F26400740041 /* XEOS */,
			);
		};
/* End PBXProject section */

/* Begin XCBuildConfiguration section */
		05AFEDB81620F26400740041 /* Debug */ = {
			isa = XCBuildConfiguration;
			buildSettings = {
			};
			name = Debug;
		};
		05AFEDB91620F26400740041 /* Release */ = {
			isa = XCBuildConfiguration;
			buildSettings = {
			};
			name = Release;
		};
		05AFEDBB1620F26400740041 /* Debug */ = {
			isa = XCBuildConfiguration;
			buildSettings = {
			};
			name = Debug;
		};
		05AFEDBC1620F26400740041 /* Release */ = {
			isa = XCBuildConfiguration;
			buildSettings = {
			};
			name = Release;
		};
/* End XCBuildConfiguration section */

/* Begin XCConfigurationList section */
		05AFEDB51620F26400740041 /* Build configuration list for PBXProject "XEOS" */ = {
			isa = XCConfigurationList;
			buildConfigurations = (
				05AFEDB81620F26400740041 /* Debug */,
				05AFEDB91620F26400740041 /* Release */,
			);
			defaultConfigurationIsVisible = 0;
			defaultConfigurationName = Release;
		};
		05AFEDBA1620F26400740041 /* Build configuration list for PBXLegacyTarget "XEOS" */ = {
			isa = XCConfigurationList;
			buildConfigurations = (
				05AFEDBB1620F26400740041 /* Debug */,
				05AFEDBC1620F26400740041 /* Release */,
			);
			defaultConfigurationIsVisible = 0;
			defaultConfigurationName = Release;
		};
/* End XCConfigurationList section */
	};
	rootObject = 05AFEDB21620F26400740041 /* Project object */;
}
